
Microsoft Visual Studio Solution File, Format Version 12.00
# Visual Studio Version 16
VisualStudioVersion = 16.0.31112.23
MinimumVisualStudioVersion = 10.0.40219.1
Project("{FAE04EC0-301F-11D3-BF4B-00C04F79EFBC}") = "Appointment_Booking_MVC", "Appointment_Booking_MVC\Appointment_Booking_MVC.csproj", "{91B403E4-059A-4305-AA2A-E8DEE0881C3A}"
EndProject
Global
	GlobalSection(SolutionConfigurationPlatforms) = preSolution
		Debug|Any CPU = Debug|Any CPU
		Release|Any CPU = Release|Any CPU
	EndGlobalSection
	GlobalSection(ProjectConfigurationPlatforms) = postSolution
		{91B403E4-059A-4305-AA2A-E8DEE0881C3A}.Debug|Any CPU.ActiveCfg = Debug|Any CPU
		{91B403E4-059A-4305-AA2A-E8DEE0881C3A}.Debug|Any CPU.Build.0 = Debug|Any CPU
		{91B403E4-059A-4305-AA2A-E8DEE0881C3A}.Release|Any CPU.ActiveCfg = Release|Any CPU
		{91B403E4-059A-4305-AA2A-E8DEE0881C3A}.Release|Any CPU.Build.0 = Release|Any CPU
	EndGlobalSection
	GlobalSection(SolutionProperties) = preSolution
		HideSolutionNode = FALSE
	EndGlobalSection
	GlobalSection(ExtensibilityGlobals) = postSolution
		SolutionGuid = {3093DE41-A5E9-4614-84C8-332ACC54A940}
	EndGlobalSection
EndGlobal
