
Microsoft Visual Studio Solution File, Format Version 12.00
# Visual Studio Version 16
VisualStudioVersion = 16.0.30907.101
MinimumVisualStudioVersion = 10.0.40219.1
Project("{FAE04EC0-301F-11D3-BF4B-00C04F79EFBC}") = "Practice-1", "Practice-1\Practice-1.csproj", "{12B4A714-37C6-4931-A884-BC6D972B5557}"
EndProject
Project("{FAE04EC0-301F-11D3-BF4B-00C04F79EFBC}") = "Complete_Practice1(2021-01-29)", "Complete_Practice1\Complete_Practice1(2021-01-29).csproj", "{7FA7898D-F357-46F1-8CF5-A2B57CBA0DFA}"
EndProject
Project("{FAE04EC0-301F-11D3-BF4B-00C04F79EFBC}") = "Practice-2(02-02-2021)", "Practice-2(02-02-2021)\Practice-2(02-02-2021).csproj", "{E9309D84-9F70-4777-8BA5-74A6A09B1C0A}"
EndProject
Project("{FAE04EC0-301F-11D3-BF4B-00C04F79EFBC}") = "Testing", "Testing\Testing.csproj", "{C91EDF79-9125-4348-8519-F65DB038AC4F}"
EndProject
Project("{FAE04EC0-301F-11D3-BF4B-00C04F79EFBC}") = "2021-02-03", "2021-02-03\2021-02-03.csproj", "{973E433D-0836-450E-BD9F-186D9BD03EC2}"
EndProject
Global
	GlobalSection(SolutionConfigurationPlatforms) = preSolution
		Debug|Any CPU = Debug|Any CPU
		Release|Any CPU = Release|Any CPU
	EndGlobalSection
	GlobalSection(ProjectConfigurationPlatforms) = postSolution
		{12B4A714-37C6-4931-A884-BC6D972B5557}.Debug|Any CPU.ActiveCfg = Debug|Any CPU
		{12B4A714-37C6-4931-A884-BC6D972B5557}.Debug|Any CPU.Build.0 = Debug|Any CPU
		{12B4A714-37C6-4931-A884-BC6D972B5557}.Release|Any CPU.ActiveCfg = Release|Any CPU
		{12B4A714-37C6-4931-A884-BC6D972B5557}.Release|Any CPU.Build.0 = Release|Any CPU
		{7FA7898D-F357-46F1-8CF5-A2B57CBA0DFA}.Debug|Any CPU.ActiveCfg = Debug|Any CPU
		{7FA7898D-F357-46F1-8CF5-A2B57CBA0DFA}.Debug|Any CPU.Build.0 = Debug|Any CPU
		{7FA7898D-F357-46F1-8CF5-A2B57CBA0DFA}.Release|Any CPU.ActiveCfg = Release|Any CPU
		{7FA7898D-F357-46F1-8CF5-A2B57CBA0DFA}.Release|Any CPU.Build.0 = Release|Any CPU
		{E9309D84-9F70-4777-8BA5-74A6A09B1C0A}.Debug|Any CPU.ActiveCfg = Debug|Any CPU
		{E9309D84-9F70-4777-8BA5-74A6A09B1C0A}.Debug|Any CPU.Build.0 = Debug|Any CPU
		{E9309D84-9F70-4777-8BA5-74A6A09B1C0A}.Release|Any CPU.ActiveCfg = Release|Any CPU
		{E9309D84-9F70-4777-8BA5-74A6A09B1C0A}.Release|Any CPU.Build.0 = Release|Any CPU
		{C91EDF79-9125-4348-8519-F65DB038AC4F}.Debug|Any CPU.ActiveCfg = Debug|Any CPU
		{C91EDF79-9125-4348-8519-F65DB038AC4F}.Debug|Any CPU.Build.0 = Debug|Any CPU
		{C91EDF79-9125-4348-8519-F65DB038AC4F}.Release|Any CPU.ActiveCfg = Release|Any CPU
		{C91EDF79-9125-4348-8519-F65DB038AC4F}.Release|Any CPU.Build.0 = Release|Any CPU
		{973E433D-0836-450E-BD9F-186D9BD03EC2}.Debug|Any CPU.ActiveCfg = Debug|Any CPU
		{973E433D-0836-450E-BD9F-186D9BD03EC2}.Debug|Any CPU.Build.0 = Debug|Any CPU
		{973E433D-0836-450E-BD9F-186D9BD03EC2}.Release|Any CPU.ActiveCfg = Release|Any CPU
		{973E433D-0836-450E-BD9F-186D9BD03EC2}.Release|Any CPU.Build.0 = Release|Any CPU
	EndGlobalSection
	GlobalSection(SolutionProperties) = preSolution
		HideSolutionNode = FALSE
	EndGlobalSection
	GlobalSection(ExtensibilityGlobals) = postSolution
		SolutionGuid = {4F7B3F10-AB9C-4F5F-90FF-132DF96B3211}
	EndGlobalSection
EndGlobal
